
Microsoft Visual Studio Solution File, Format Version 12.00
Project("{FAE04EC0-301F-11D3-BF4B-00C04F79EFBC}") = "ProjectDi", "ProjectDi\ProjectDi.csproj", "{CAB9A042-28A1-4E2D-BE40-1A07154C60D5}"
EndProject
Global
	GlobalSection(SolutionConfigurationPlatforms) = preSolution
		Debug|Any CPU = Debug|Any CPU
		Release|Any CPU = Release|Any CPU
	EndGlobalSection
	GlobalSection(ProjectConfigurationPlatforms) = postSolution
		{CAB9A042-28A1-4E2D-BE40-1A07154C60D5}.Debug|Any CPU.ActiveCfg = Debug|Any CPU
		{CAB9A042-28A1-4E2D-BE40-1A07154C60D5}.Debug|Any CPU.Build.0 = Debug|Any CPU
		{CAB9A042-28A1-4E2D-BE40-1A07154C60D5}.Release|Any CPU.ActiveCfg = Release|Any CPU
		{CAB9A042-28A1-4E2D-BE40-1A07154C60D5}.Release|Any CPU.Build.0 = Release|Any CPU
	EndGlobalSection
EndGlobal
